
Microsoft Visual Studio Solution File, Format Version 10.00
# Visual Studio 2008
Project("{FAE04EC0-301F-11D3-BF4B-00C04F79EFBC}") = "ListPerformance", "ListPerformance\ListPerformance.csproj", "{E9F380A2-5BB2-41F0-B9F7-5994795F4571}"
EndProject
Global
	GlobalSection(SolutionConfigurationPlatforms) = preSolution
		Debug|x86 = Debug|x86
		Release|x86 = Release|x86
	EndGlobalSection
	GlobalSection(ProjectConfigurationPlatforms) = postSolution
		{E9F380A2-5BB2-41F0-B9F7-5994795F4571}.Debug|x86.ActiveCfg = Debug|x86
		{E9F380A2-5BB2-41F0-B9F7-5994795F4571}.Debug|x86.Build.0 = Debug|x86
		{E9F380A2-5BB2-41F0-B9F7-5994795F4571}.Release|x86.ActiveCfg = Release|x86
		{E9F380A2-5BB2-41F0-B9F7-5994795F4571}.Release|x86.Build.0 = Release|x86
	EndGlobalSection
	GlobalSection(MonoDevelopProperties) = preSolution
		StartupItem = ListPerformance\ListPerformance.csproj
	EndGlobalSection
EndGlobal
